
Microsoft Visual Studio Solution File, Format Version 12.00
# Visual Studio Version 17
VisualStudioVersion = 17.13.36105.23
MinimumVisualStudioVersion = 10.0.40219.1
Project("{FAE04EC0-301F-11D3-BF4B-00C04F79EFBC}") = "CouseManagment", "CouseManagment.csproj", "{695289E2-022D-418E-AE9D-D787E8767F19}"
EndProject
Global
	GlobalSection(SolutionConfigurationPlatforms) = preSolution
		Debug|Any CPU = Debug|Any CPU
		Release|Any CPU = Release|Any CPU
	EndGlobalSection
	GlobalSection(ProjectConfigurationPlatforms) = postSolution
		{695289E2-022D-418E-AE9D-D787E8767F19}.Debug|Any CPU.ActiveCfg = Debug|Any CPU
		{695289E2-022D-418E-AE9D-D787E8767F19}.Debug|Any CPU.Build.0 = Debug|Any CPU
		{695289E2-022D-418E-AE9D-D787E8767F19}.Release|Any CPU.ActiveCfg = Release|Any CPU
		{695289E2-022D-418E-AE9D-D787E8767F19}.Release|Any CPU.Build.0 = Release|Any CPU
	EndGlobalSection
	GlobalSection(SolutionProperties) = preSolution
		HideSolutionNode = FALSE
	EndGlobalSection
	GlobalSection(ExtensibilityGlobals) = postSolution
		SolutionGuid = {F3423741-CAD4-4ADF-8210-1585EC07265A}
	EndGlobalSection
EndGlobal
